
Microsoft Visual Studio Solution File, Format Version 12.00
# Visual Studio Version 17
VisualStudioVersion = 17.0.31903.59
MinimumVisualStudioVersion = 10.0.40219.1
Project("{2150E333-8FDC-42A3-9474-1A3956D46DE8}") = "ShopManagement", "ShopManagement", "{03B8ACD8-1DAB-4738-83B2-6B0308B35CEC}"
EndProject
Project("{2150E333-8FDC-42A3-9474-1A3956D46DE8}") = "SM.Domain", "SM.Domain", "{3221F95D-986E-453E-A2CB-2F23972918FF}"
EndProject
Project("{2150E333-8FDC-42A3-9474-1A3956D46DE8}") = "SM.Application", "SM.Application", "{1804C546-B683-41ED-BE4F-3E0830655162}"
EndProject
Project("{2150E333-8FDC-42A3-9474-1A3956D46DE8}") = "SM.Infrastructure", "SM.Infrastructure", "{892789EE-7EEB-4652-9177-0CA6A62ABD57}"
EndProject
Project("{9A19103F-16F7-4668-BE54-9A1E7A4F7556}") = "ServiceHost", "ServiceHost\ServiceHost.csproj", "{F02D7985-679F-4145-86E5-4109D2C6D193}"
EndProject
Project("{9A19103F-16F7-4668-BE54-9A1E7A4F7556}") = "ShopManagement.Domain", "ShopManagement.Domain\ShopManagement.Domain.csproj", "{7391D826-5B99-44F4-A40C-EFBAC4141FC8}"
EndProject
Project("{9A19103F-16F7-4668-BE54-9A1E7A4F7556}") = "ShopManagement.Application", "ShopManagement.Application\ShopManagement.Application.csproj", "{5A6D4E7A-8F67-400E-8B50-6973C2A67F0E}"
EndProject
Project("{9A19103F-16F7-4668-BE54-9A1E7A4F7556}") = "ShopManagement.Application.Contracts", "ShopManagement.Application.Contract\ShopManagement.Application.Contracts.csproj", "{24934AF0-AA2A-493C-A32B-F5A2068045AB}"
EndProject
Project("{9A19103F-16F7-4668-BE54-9A1E7A4F7556}") = "ShopManagement.Infrastructure.EFCore", "ShopManagement.Infrastructure.EFCore\ShopManagement.Infrastructure.EFCore.csproj", "{F539ABDF-F49A-4D8D-8CF7-CF3FDBF602B4}"
EndProject
Project("{9A19103F-16F7-4668-BE54-9A1E7A4F7556}") = "0_Framework", "01_Framework\0_Framework.csproj", "{68BAE9BE-5D0E-4082-A643-EAD0A036741A}"
EndProject
Project("{9A19103F-16F7-4668-BE54-9A1E7A4F7556}") = "ShopManagement.Configuration", "ShopManagement.Configuration\ShopManagement.Configuration.csproj", "{62785F10-45AF-467D-B309-5A95F9704364}"
EndProject
Project("{9A19103F-16F7-4668-BE54-9A1E7A4F7556}") = "01_LampShadeQuery", "01_Query\01_LampShadeQuery.csproj", "{CE089B5D-D16D-400A-9BE5-367D53BF26E4}"
EndProject
Project("{2150E333-8FDC-42A3-9474-1A3956D46DE8}") = "DiscountManagement", "DiscountManagement", "{A30CF620-BE2E-4F2F-A19E-85E41F722BE4}"
EndProject
Project("{2150E333-8FDC-42A3-9474-1A3956D46DE8}") = "DM.Domain", "DM.Domain", "{F5749ED6-ABEB-4DA5-BBBC-74CCDC240ABD}"
EndProject
Project("{2150E333-8FDC-42A3-9474-1A3956D46DE8}") = "DM.Application", "DM.Application", "{3811AC09-D912-417A-A16B-D7E18EE23DC2}"
EndProject
Project("{2150E333-8FDC-42A3-9474-1A3956D46DE8}") = "DM.Infrastructure", "DM.Infrastructure", "{24A3FE52-CCA4-46AC-BEBF-F80170089952}"
EndProject
Project("{9A19103F-16F7-4668-BE54-9A1E7A4F7556}") = "DiscountManagement.Domain", "DiscountManagement.Domain\DiscountManagement.Domain.csproj", "{1B91D509-A15B-40A5-9FA4-298A1F36D84A}"
EndProject
Project("{9A19103F-16F7-4668-BE54-9A1E7A4F7556}") = "DiscountManagement.Application.Contracts", "DiscountManagement.Application.Contracts\DiscountManagement.Application.Contracts.csproj", "{76FDF59F-7F2B-46BA-B328-E3CBD758FF88}"
EndProject
Project("{9A19103F-16F7-4668-BE54-9A1E7A4F7556}") = "DiscountManagement.Application", "DiscountManagement.Application\DiscountManagement.Application.csproj", "{BF24FE44-A97B-46E6-A104-A70E2E7DA0F6}"
EndProject
Project("{9A19103F-16F7-4668-BE54-9A1E7A4F7556}") = "DiscountManagement.Infrastructure.EFCore", "DiscountManagement.Infrastructure.EFCore\DiscountManagement.Infrastructure.EFCore.csproj", "{E75F99EB-20FD-4FBB-BCB8-11B08874F73F}"
EndProject
Project("{9A19103F-16F7-4668-BE54-9A1E7A4F7556}") = "DiscountManagement.Configuration", "DiscountManagement.Configuration\DiscountManagement.Configuration.csproj", "{024F0794-04AD-4085-898B-4322EF5FD69D}"
EndProject
Project("{2150E333-8FDC-42A3-9474-1A3956D46DE8}") = "InventoryManagement", "InventoryManagement", "{7B58E8FC-9FA8-4B01-810D-6A47AEBE34E5}"
EndProject
Project("{2150E333-8FDC-42A3-9474-1A3956D46DE8}") = "IM.Domain", "IM.Domain", "{C15D1582-A39B-4F26-8771-DBD6936DE87D}"
EndProject
Project("{9A19103F-16F7-4668-BE54-9A1E7A4F7556}") = "InventoryManagement.Domain", "InventoryManagement.Domain\InventoryManagement.Domain.csproj", "{D321969F-8F57-46D4-BB53-A35FCB8FA2D9}"
EndProject
Project("{2150E333-8FDC-42A3-9474-1A3956D46DE8}") = "IM.Application", "IM.Application", "{089E2BC2-548E-4C0B-A74D-282F40D0182B}"
EndProject
Project("{9A19103F-16F7-4668-BE54-9A1E7A4F7556}") = "InventoryManagement.Application.Contracts", "InventoryManagement.Application.Contracts\InventoryManagement.Application.Contracts.csproj", "{2F402BF4-8490-490D-8361-F2EC92DF99F4}"
EndProject
Project("{2150E333-8FDC-42A3-9474-1A3956D46DE8}") = "IM.Infrastructure", "IM.Infrastructure", "{A688EAEC-973D-45EE-8A49-F2F61F23CCFB}"
EndProject
Project("{9A19103F-16F7-4668-BE54-9A1E7A4F7556}") = "InventoryManagement.Infrastructure.EFCore", "InventoryManagement.Infrastructure.EFCore\InventoryManagement.Infrastructure.EFCore.csproj", "{CC4F8D24-BC98-4CF7-8E4F-03B440162861}"
EndProject
Project("{9A19103F-16F7-4668-BE54-9A1E7A4F7556}") = "InventoryManagement.Infrastructure.Configuration", "InventoryManagement.Configuration\InventoryManagement.Infrastructure.Configuration.csproj", "{DF4AC9C6-8326-4340-B579-DAC0569A6B19}"
EndProject
Project("{9A19103F-16F7-4668-BE54-9A1E7A4F7556}") = "InventoryManagement.Application", "InventoryManagement.Application\InventoryManagement.Application.csproj", "{FA523C54-C299-4C7D-94E6-55BEFF6200BE}"
EndProject
Project("{2150E333-8FDC-42A3-9474-1A3956D46DE8}") = "BlogManagement", "BlogManagement", "{965DF051-09E9-4B74-9F81-98F2D0C81A82}"
EndProject
Project("{2150E333-8FDC-42A3-9474-1A3956D46DE8}") = "BM.Domain", "BM.Domain", "{7339041F-94C1-43BA-A9A4-1B27103EF781}"
EndProject
Project("{9A19103F-16F7-4668-BE54-9A1E7A4F7556}") = "BlogManagement.Domain", "BlogManagement.Domain\BlogManagement.Domain.csproj", "{33874C59-7DF8-489A-925A-04607A069C74}"
EndProject
Project("{2150E333-8FDC-42A3-9474-1A3956D46DE8}") = "BM.Application", "BM.Application", "{426CAF13-38B6-48B7-AE7C-E4D045D8C343}"
EndProject
Project("{2150E333-8FDC-42A3-9474-1A3956D46DE8}") = "BM.Infrastructure", "BM.Infrastructure", "{55B56901-C3D5-4DB2-B65A-5AE1B901BA7C}"
EndProject
Project("{9A19103F-16F7-4668-BE54-9A1E7A4F7556}") = "BlogManagement.Application.Contracts", "BlogManagement.Application.Contracts\BlogManagement.Application.Contracts.csproj", "{F825E539-A7EF-445D-9904-00EC86AF810D}"
EndProject
Project("{9A19103F-16F7-4668-BE54-9A1E7A4F7556}") = "BlogManagement.Application", "BlogManagement.Application\BlogManagement.Application.csproj", "{0C84AAC0-B335-4CD9-9B1F-4230E4362EB6}"
EndProject
Project("{9A19103F-16F7-4668-BE54-9A1E7A4F7556}") = "BlogManagement.Infrastructure.EFCore", "BlogManagement.Infrastructure.EFCore\BlogManagement.Infrastructure.EFCore.csproj", "{F832078F-5FC7-4066-ACFA-820DC9ED2113}"
EndProject
Project("{9A19103F-16F7-4668-BE54-9A1E7A4F7556}") = "BlogManagement.Infrastructure.Configuration", "BlogManagement.Infrastructure.Configuration\BlogManagement.Infrastructure.Configuration.csproj", "{AB6E0C41-2EC7-4B73-A85C-1F9C712397E3}"
EndProject
Project("{2150E333-8FDC-42A3-9474-1A3956D46DE8}") = "CommentManagement", "CommentManagement", "{370C9726-0737-4874-A678-F6EE8FE24B45}"
EndProject
Project("{2150E333-8FDC-42A3-9474-1A3956D46DE8}") = "CM.Domain", "CM.Domain", "{D0F97EEB-6354-4F5D-9C2C-DCBF46A07A5F}"
EndProject
Project("{2150E333-8FDC-42A3-9474-1A3956D46DE8}") = "CM.Application", "CM.Application", "{D797FCAF-5DE0-46B4-AD54-E267CAF9B962}"
EndProject
Project("{2150E333-8FDC-42A3-9474-1A3956D46DE8}") = "CM.Infrastructure", "CM.Infrastructure", "{DF669F24-B2FF-4CE7-A70F-DA8822DCC4E6}"
EndProject
Project("{9A19103F-16F7-4668-BE54-9A1E7A4F7556}") = "CommentManagement.Domain", "CommentManagement.Domain\CommentManagement.Domain.csproj", "{067E9296-2757-4492-B77A-2381A0EB6749}"
EndProject
Project("{9A19103F-16F7-4668-BE54-9A1E7A4F7556}") = "CommentManagement.Application.Contracts", "CommentManagement.Application.Contracts\CommentManagement.Application.Contracts.csproj", "{63DC71E5-B3BC-4A6C-BA2E-10B3D68885F1}"
EndProject
Project("{9A19103F-16F7-4668-BE54-9A1E7A4F7556}") = "CommentManagement.Application", "CommentManagement.Application\CommentManagement.Application.csproj", "{C8E3D715-BAA8-4F0B-A274-FC5EF08B4B6D}"
EndProject
Project("{9A19103F-16F7-4668-BE54-9A1E7A4F7556}") = "CommentManagement.Infrastructure.EFCore", "CommentManagement.Infrastructure.EFCore\CommentManagement.Infrastructure.EFCore.csproj", "{B890B1B4-C560-4107-B555-75A2B899FF57}"
EndProject
Project("{9A19103F-16F7-4668-BE54-9A1E7A4F7556}") = "CommentManagement.Infrastructure.Configuration", "CommentManagement.Infrastructure.Configuration\CommentManagement.Infrastructure.Configuration.csproj", "{1D26EE8B-5EDF-4A7A-A58E-7D7B81C042DC}"
EndProject
Project("{2150E333-8FDC-42A3-9474-1A3956D46DE8}") = "AccountManagement", "AccountManagement", "{9C299BDF-0248-45AE-B024-8B957F9A79BC}"
EndProject
Project("{2150E333-8FDC-42A3-9474-1A3956D46DE8}") = "AM.Domain", "AM.Domain", "{89597434-4259-4369-BBFF-0F623333C185}"
EndProject
Project("{2150E333-8FDC-42A3-9474-1A3956D46DE8}") = "AM.Application", "AM.Application", "{008D7A8F-1C30-41A0-95BC-4839B34608FB}"
EndProject
Project("{2150E333-8FDC-42A3-9474-1A3956D46DE8}") = "AM.Infrastructure", "AM.Infrastructure", "{2FD0771D-8A40-4179-B14A-FE33B6FAF3A0}"
EndProject
Project("{9A19103F-16F7-4668-BE54-9A1E7A4F7556}") = "AccountManagement.Domian", "AccountManagement.Domian\AccountManagement.Domian.csproj", "{B0E90E0E-6159-4EEB-A2BF-F7DE0CD06A56}"
EndProject
Project("{9A19103F-16F7-4668-BE54-9A1E7A4F7556}") = "AccountManagement.Application.Contracts", "AccountManagement.Application.Contracts\AccountManagement.Application.Contracts.csproj", "{52C160DE-F946-47B3-AFB9-53FAAD522A3E}"
EndProject
Project("{9A19103F-16F7-4668-BE54-9A1E7A4F7556}") = "AccountManagement.Infrastructure.EFCore", "AccountManagement.Infrastructure.EFCore\AccountManagement.Infrastructure.EFCore.csproj", "{E8A891F9-6248-404D-9224-555BFA7B20AD}"
EndProject
Project("{9A19103F-16F7-4668-BE54-9A1E7A4F7556}") = "AccountManagement.Application", "AccountManagement.Application\AccountManagement.Application.csproj", "{088AAA08-A4FA-40C2-90B2-651223C2BFC3}"
EndProject
Project("{9A19103F-16F7-4668-BE54-9A1E7A4F7556}") = "AccountManagement.Infrastructure.Configuration", "AccountManagement.Infrastructure.Configuration\AccountManagement.Infrastructure.Configuration.csproj", "{28C128B5-0064-4260-8919-4F3905C1907E}"
EndProject
Global
	GlobalSection(SolutionConfigurationPlatforms) = preSolution
		Debug|Any CPU = Debug|Any CPU
		Release|Any CPU = Release|Any CPU
	EndGlobalSection
	GlobalSection(ProjectConfigurationPlatforms) = postSolution
		{F02D7985-679F-4145-86E5-4109D2C6D193}.Debug|Any CPU.ActiveCfg = Debug|Any CPU
		{F02D7985-679F-4145-86E5-4109D2C6D193}.Debug|Any CPU.Build.0 = Debug|Any CPU
		{F02D7985-679F-4145-86E5-4109D2C6D193}.Release|Any CPU.ActiveCfg = Release|Any CPU
		{F02D7985-679F-4145-86E5-4109D2C6D193}.Release|Any CPU.Build.0 = Release|Any CPU
		{7391D826-5B99-44F4-A40C-EFBAC4141FC8}.Debug|Any CPU.ActiveCfg = Debug|Any CPU
		{7391D826-5B99-44F4-A40C-EFBAC4141FC8}.Debug|Any CPU.Build.0 = Debug|Any CPU
		{7391D826-5B99-44F4-A40C-EFBAC4141FC8}.Release|Any CPU.ActiveCfg = Release|Any CPU
		{7391D826-5B99-44F4-A40C-EFBAC4141FC8}.Release|Any CPU.Build.0 = Release|Any CPU
		{5A6D4E7A-8F67-400E-8B50-6973C2A67F0E}.Debug|Any CPU.ActiveCfg = Debug|Any CPU
		{5A6D4E7A-8F67-400E-8B50-6973C2A67F0E}.Debug|Any CPU.Build.0 = Debug|Any CPU
		{5A6D4E7A-8F67-400E-8B50-6973C2A67F0E}.Release|Any CPU.ActiveCfg = Release|Any CPU
		{5A6D4E7A-8F67-400E-8B50-6973C2A67F0E}.Release|Any CPU.Build.0 = Release|Any CPU
		{24934AF0-AA2A-493C-A32B-F5A2068045AB}.Debug|Any CPU.ActiveCfg = Debug|Any CPU
		{24934AF0-AA2A-493C-A32B-F5A2068045AB}.Debug|Any CPU.Build.0 = Debug|Any CPU
		{24934AF0-AA2A-493C-A32B-F5A2068045AB}.Release|Any CPU.ActiveCfg = Release|Any CPU
		{24934AF0-AA2A-493C-A32B-F5A2068045AB}.Release|Any CPU.Build.0 = Release|Any CPU
		{F539ABDF-F49A-4D8D-8CF7-CF3FDBF602B4}.Debug|Any CPU.ActiveCfg = Debug|Any CPU
		{F539ABDF-F49A-4D8D-8CF7-CF3FDBF602B4}.Debug|Any CPU.Build.0 = Debug|Any CPU
		{F539ABDF-F49A-4D8D-8CF7-CF3FDBF602B4}.Release|Any CPU.ActiveCfg = Release|Any CPU
		{F539ABDF-F49A-4D8D-8CF7-CF3FDBF602B4}.Release|Any CPU.Build.0 = Release|Any CPU
		{68BAE9BE-5D0E-4082-A643-EAD0A036741A}.Debug|Any CPU.ActiveCfg = Debug|Any CPU
		{68BAE9BE-5D0E-4082-A643-EAD0A036741A}.Debug|Any CPU.Build.0 = Debug|Any CPU
		{68BAE9BE-5D0E-4082-A643-EAD0A036741A}.Release|Any CPU.ActiveCfg = Release|Any CPU
		{68BAE9BE-5D0E-4082-A643-EAD0A036741A}.Release|Any CPU.Build.0 = Release|Any CPU
		{62785F10-45AF-467D-B309-5A95F9704364}.Debug|Any CPU.ActiveCfg = Debug|Any CPU
		{62785F10-45AF-467D-B309-5A95F9704364}.Debug|Any CPU.Build.0 = Debug|Any CPU
		{62785F10-45AF-467D-B309-5A95F9704364}.Release|Any CPU.ActiveCfg = Release|Any CPU
		{62785F10-45AF-467D-B309-5A95F9704364}.Release|Any CPU.Build.0 = Release|Any CPU
		{CE089B5D-D16D-400A-9BE5-367D53BF26E4}.Debug|Any CPU.ActiveCfg = Debug|Any CPU
		{CE089B5D-D16D-400A-9BE5-367D53BF26E4}.Debug|Any CPU.Build.0 = Debug|Any CPU
		{CE089B5D-D16D-400A-9BE5-367D53BF26E4}.Release|Any CPU.ActiveCfg = Release|Any CPU
		{CE089B5D-D16D-400A-9BE5-367D53BF26E4}.Release|Any CPU.Build.0 = Release|Any CPU
		{1B91D509-A15B-40A5-9FA4-298A1F36D84A}.Debug|Any CPU.ActiveCfg = Debug|Any CPU
		{1B91D509-A15B-40A5-9FA4-298A1F36D84A}.Debug|Any CPU.Build.0 = Debug|Any CPU
		{1B91D509-A15B-40A5-9FA4-298A1F36D84A}.Release|Any CPU.ActiveCfg = Release|Any CPU
		{1B91D509-A15B-40A5-9FA4-298A1F36D84A}.Release|Any CPU.Build.0 = Release|Any CPU
		{76FDF59F-7F2B-46BA-B328-E3CBD758FF88}.Debug|Any CPU.ActiveCfg = Debug|Any CPU
		{76FDF59F-7F2B-46BA-B328-E3CBD758FF88}.Debug|Any CPU.Build.0 = Debug|Any CPU
		{76FDF59F-7F2B-46BA-B328-E3CBD758FF88}.Release|Any CPU.ActiveCfg = Release|Any CPU
		{76FDF59F-7F2B-46BA-B328-E3CBD758FF88}.Release|Any CPU.Build.0 = Release|Any CPU
		{BF24FE44-A97B-46E6-A104-A70E2E7DA0F6}.Debug|Any CPU.ActiveCfg = Debug|Any CPU
		{BF24FE44-A97B-46E6-A104-A70E2E7DA0F6}.Debug|Any CPU.Build.0 = Debug|Any CPU
		{BF24FE44-A97B-46E6-A104-A70E2E7DA0F6}.Release|Any CPU.ActiveCfg = Release|Any CPU
		{BF24FE44-A97B-46E6-A104-A70E2E7DA0F6}.Release|Any CPU.Build.0 = Release|Any CPU
		{E75F99EB-20FD-4FBB-BCB8-11B08874F73F}.Debug|Any CPU.ActiveCfg = Debug|Any CPU
		{E75F99EB-20FD-4FBB-BCB8-11B08874F73F}.Debug|Any CPU.Build.0 = Debug|Any CPU
		{E75F99EB-20FD-4FBB-BCB8-11B08874F73F}.Release|Any CPU.ActiveCfg = Release|Any CPU
		{E75F99EB-20FD-4FBB-BCB8-11B08874F73F}.Release|Any CPU.Build.0 = Release|Any CPU
		{024F0794-04AD-4085-898B-4322EF5FD69D}.Debug|Any CPU.ActiveCfg = Debug|Any CPU
		{024F0794-04AD-4085-898B-4322EF5FD69D}.Debug|Any CPU.Build.0 = Debug|Any CPU
		{024F0794-04AD-4085-898B-4322EF5FD69D}.Release|Any CPU.ActiveCfg = Release|Any CPU
		{024F0794-04AD-4085-898B-4322EF5FD69D}.Release|Any CPU.Build.0 = Release|Any CPU
		{D321969F-8F57-46D4-BB53-A35FCB8FA2D9}.Debug|Any CPU.ActiveCfg = Debug|Any CPU
		{D321969F-8F57-46D4-BB53-A35FCB8FA2D9}.Debug|Any CPU.Build.0 = Debug|Any CPU
		{D321969F-8F57-46D4-BB53-A35FCB8FA2D9}.Release|Any CPU.ActiveCfg = Release|Any CPU
		{D321969F-8F57-46D4-BB53-A35FCB8FA2D9}.Release|Any CPU.Build.0 = Release|Any CPU
		{2F402BF4-8490-490D-8361-F2EC92DF99F4}.Debug|Any CPU.ActiveCfg = Debug|Any CPU
		{2F402BF4-8490-490D-8361-F2EC92DF99F4}.Debug|Any CPU.Build.0 = Debug|Any CPU
		{2F402BF4-8490-490D-8361-F2EC92DF99F4}.Release|Any CPU.ActiveCfg = Release|Any CPU
		{2F402BF4-8490-490D-8361-F2EC92DF99F4}.Release|Any CPU.Build.0 = Release|Any CPU
		{CC4F8D24-BC98-4CF7-8E4F-03B440162861}.Debug|Any CPU.ActiveCfg = Debug|Any CPU
		{CC4F8D24-BC98-4CF7-8E4F-03B440162861}.Debug|Any CPU.Build.0 = Debug|Any CPU
		{CC4F8D24-BC98-4CF7-8E4F-03B440162861}.Release|Any CPU.ActiveCfg = Release|Any CPU
		{CC4F8D24-BC98-4CF7-8E4F-03B440162861}.Release|Any CPU.Build.0 = Release|Any CPU
		{DF4AC9C6-8326-4340-B579-DAC0569A6B19}.Debug|Any CPU.ActiveCfg = Debug|Any CPU
		{DF4AC9C6-8326-4340-B579-DAC0569A6B19}.Debug|Any CPU.Build.0 = Debug|Any CPU
		{DF4AC9C6-8326-4340-B579-DAC0569A6B19}.Release|Any CPU.ActiveCfg = Release|Any CPU
		{DF4AC9C6-8326-4340-B579-DAC0569A6B19}.Release|Any CPU.Build.0 = Release|Any CPU
		{FA523C54-C299-4C7D-94E6-55BEFF6200BE}.Debug|Any CPU.ActiveCfg = Debug|Any CPU
		{FA523C54-C299-4C7D-94E6-55BEFF6200BE}.Debug|Any CPU.Build.0 = Debug|Any CPU
		{FA523C54-C299-4C7D-94E6-55BEFF6200BE}.Release|Any CPU.ActiveCfg = Release|Any CPU
		{FA523C54-C299-4C7D-94E6-55BEFF6200BE}.Release|Any CPU.Build.0 = Release|Any CPU
		{33874C59-7DF8-489A-925A-04607A069C74}.Debug|Any CPU.ActiveCfg = Debug|Any CPU
		{33874C59-7DF8-489A-925A-04607A069C74}.Debug|Any CPU.Build.0 = Debug|Any CPU
		{33874C59-7DF8-489A-925A-04607A069C74}.Release|Any CPU.ActiveCfg = Release|Any CPU
		{33874C59-7DF8-489A-925A-04607A069C74}.Release|Any CPU.Build.0 = Release|Any CPU
		{F825E539-A7EF-445D-9904-00EC86AF810D}.Debug|Any CPU.ActiveCfg = Debug|Any CPU
		{F825E539-A7EF-445D-9904-00EC86AF810D}.Debug|Any CPU.Build.0 = Debug|Any CPU
		{F825E539-A7EF-445D-9904-00EC86AF810D}.Release|Any CPU.ActiveCfg = Release|Any CPU
		{F825E539-A7EF-445D-9904-00EC86AF810D}.Release|Any CPU.Build.0 = Release|Any CPU
		{0C84AAC0-B335-4CD9-9B1F-4230E4362EB6}.Debug|Any CPU.ActiveCfg = Debug|Any CPU
		{0C84AAC0-B335-4CD9-9B1F-4230E4362EB6}.Debug|Any CPU.Build.0 = Debug|Any CPU
		{0C84AAC0-B335-4CD9-9B1F-4230E4362EB6}.Release|Any CPU.ActiveCfg = Release|Any CPU
		{0C84AAC0-B335-4CD9-9B1F-4230E4362EB6}.Release|Any CPU.Build.0 = Release|Any CPU
		{F832078F-5FC7-4066-ACFA-820DC9ED2113}.Debug|Any CPU.ActiveCfg = Debug|Any CPU
		{F832078F-5FC7-4066-ACFA-820DC9ED2113}.Debug|Any CPU.Build.0 = Debug|Any CPU
		{F832078F-5FC7-4066-ACFA-820DC9ED2113}.Release|Any CPU.ActiveCfg = Release|Any CPU
		{F832078F-5FC7-4066-ACFA-820DC9ED2113}.Release|Any CPU.Build.0 = Release|Any CPU
		{AB6E0C41-2EC7-4B73-A85C-1F9C712397E3}.Debug|Any CPU.ActiveCfg = Debug|Any CPU
		{AB6E0C41-2EC7-4B73-A85C-1F9C712397E3}.Debug|Any CPU.Build.0 = Debug|Any CPU
		{AB6E0C41-2EC7-4B73-A85C-1F9C712397E3}.Release|Any CPU.ActiveCfg = Release|Any CPU
		{AB6E0C41-2EC7-4B73-A85C-1F9C712397E3}.Release|Any CPU.Build.0 = Release|Any CPU
		{067E9296-2757-4492-B77A-2381A0EB6749}.Debug|Any CPU.ActiveCfg = Debug|Any CPU
		{067E9296-2757-4492-B77A-2381A0EB6749}.Debug|Any CPU.Build.0 = Debug|Any CPU
		{067E9296-2757-4492-B77A-2381A0EB6749}.Release|Any CPU.ActiveCfg = Release|Any CPU
		{067E9296-2757-4492-B77A-2381A0EB6749}.Release|Any CPU.Build.0 = Release|Any CPU
		{63DC71E5-B3BC-4A6C-BA2E-10B3D68885F1}.Debug|Any CPU.ActiveCfg = Debug|Any CPU
		{63DC71E5-B3BC-4A6C-BA2E-10B3D68885F1}.Debug|Any CPU.Build.0 = Debug|Any CPU
		{63DC71E5-B3BC-4A6C-BA2E-10B3D68885F1}.Release|Any CPU.ActiveCfg = Release|Any CPU
		{63DC71E5-B3BC-4A6C-BA2E-10B3D68885F1}.Release|Any CPU.Build.0 = Release|Any CPU
		{C8E3D715-BAA8-4F0B-A274-FC5EF08B4B6D}.Debug|Any CPU.ActiveCfg = Debug|Any CPU
		{C8E3D715-BAA8-4F0B-A274-FC5EF08B4B6D}.Debug|Any CPU.Build.0 = Debug|Any CPU
		{C8E3D715-BAA8-4F0B-A274-FC5EF08B4B6D}.Release|Any CPU.ActiveCfg = Release|Any CPU
		{C8E3D715-BAA8-4F0B-A274-FC5EF08B4B6D}.Release|Any CPU.Build.0 = Release|Any CPU
		{B890B1B4-C560-4107-B555-75A2B899FF57}.Debug|Any CPU.ActiveCfg = Debug|Any CPU
		{B890B1B4-C560-4107-B555-75A2B899FF57}.Debug|Any CPU.Build.0 = Debug|Any CPU
		{B890B1B4-C560-4107-B555-75A2B899FF57}.Release|Any CPU.ActiveCfg = Release|Any CPU
		{B890B1B4-C560-4107-B555-75A2B899FF57}.Release|Any CPU.Build.0 = Release|Any CPU
		{1D26EE8B-5EDF-4A7A-A58E-7D7B81C042DC}.Debug|Any CPU.ActiveCfg = Debug|Any CPU
		{1D26EE8B-5EDF-4A7A-A58E-7D7B81C042DC}.Debug|Any CPU.Build.0 = Debug|Any CPU
		{1D26EE8B-5EDF-4A7A-A58E-7D7B81C042DC}.Release|Any CPU.ActiveCfg = Release|Any CPU
		{1D26EE8B-5EDF-4A7A-A58E-7D7B81C042DC}.Release|Any CPU.Build.0 = Release|Any CPU
		{B0E90E0E-6159-4EEB-A2BF-F7DE0CD06A56}.Debug|Any CPU.ActiveCfg = Debug|Any CPU
		{B0E90E0E-6159-4EEB-A2BF-F7DE0CD06A56}.Debug|Any CPU.Build.0 = Debug|Any CPU
		{B0E90E0E-6159-4EEB-A2BF-F7DE0CD06A56}.Release|Any CPU.ActiveCfg = Release|Any CPU
		{B0E90E0E-6159-4EEB-A2BF-F7DE0CD06A56}.Release|Any CPU.Build.0 = Release|Any CPU
		{52C160DE-F946-47B3-AFB9-53FAAD522A3E}.Debug|Any CPU.ActiveCfg = Debug|Any CPU
		{52C160DE-F946-47B3-AFB9-53FAAD522A3E}.Debug|Any CPU.Build.0 = Debug|Any CPU
		{52C160DE-F946-47B3-AFB9-53FAAD522A3E}.Release|Any CPU.ActiveCfg = Release|Any CPU
		{52C160DE-F946-47B3-AFB9-53FAAD522A3E}.Release|Any CPU.Build.0 = Release|Any CPU
		{E8A891F9-6248-404D-9224-555BFA7B20AD}.Debug|Any CPU.ActiveCfg = Debug|Any CPU
		{E8A891F9-6248-404D-9224-555BFA7B20AD}.Debug|Any CPU.Build.0 = Debug|Any CPU
		{E8A891F9-6248-404D-9224-555BFA7B20AD}.Release|Any CPU.ActiveCfg = Release|Any CPU
		{E8A891F9-6248-404D-9224-555BFA7B20AD}.Release|Any CPU.Build.0 = Release|Any CPU
		{088AAA08-A4FA-40C2-90B2-651223C2BFC3}.Debug|Any CPU.ActiveCfg = Debug|Any CPU
		{088AAA08-A4FA-40C2-90B2-651223C2BFC3}.Debug|Any CPU.Build.0 = Debug|Any CPU
		{088AAA08-A4FA-40C2-90B2-651223C2BFC3}.Release|Any CPU.ActiveCfg = Release|Any CPU
		{088AAA08-A4FA-40C2-90B2-651223C2BFC3}.Release|Any CPU.Build.0 = Release|Any CPU
		{28C128B5-0064-4260-8919-4F3905C1907E}.Debug|Any CPU.ActiveCfg = Debug|Any CPU
		{28C128B5-0064-4260-8919-4F3905C1907E}.Debug|Any CPU.Build.0 = Debug|Any CPU
		{28C128B5-0064-4260-8919-4F3905C1907E}.Release|Any CPU.ActiveCfg = Release|Any CPU
		{28C128B5-0064-4260-8919-4F3905C1907E}.Release|Any CPU.Build.0 = Release|Any CPU
	EndGlobalSection
	GlobalSection(SolutionProperties) = preSolution
		HideSolutionNode = FALSE
	EndGlobalSection
	GlobalSection(NestedProjects) = preSolution
		{3221F95D-986E-453E-A2CB-2F23972918FF} = {03B8ACD8-1DAB-4738-83B2-6B0308B35CEC}
		{1804C546-B683-41ED-BE4F-3E0830655162} = {03B8ACD8-1DAB-4738-83B2-6B0308B35CEC}
		{892789EE-7EEB-4652-9177-0CA6A62ABD57} = {03B8ACD8-1DAB-4738-83B2-6B0308B35CEC}
		{7391D826-5B99-44F4-A40C-EFBAC4141FC8} = {3221F95D-986E-453E-A2CB-2F23972918FF}
		{5A6D4E7A-8F67-400E-8B50-6973C2A67F0E} = {1804C546-B683-41ED-BE4F-3E0830655162}
		{24934AF0-AA2A-493C-A32B-F5A2068045AB} = {1804C546-B683-41ED-BE4F-3E0830655162}
		{F539ABDF-F49A-4D8D-8CF7-CF3FDBF602B4} = {892789EE-7EEB-4652-9177-0CA6A62ABD57}
		{62785F10-45AF-467D-B309-5A95F9704364} = {892789EE-7EEB-4652-9177-0CA6A62ABD57}
		{F5749ED6-ABEB-4DA5-BBBC-74CCDC240ABD} = {A30CF620-BE2E-4F2F-A19E-85E41F722BE4}
		{3811AC09-D912-417A-A16B-D7E18EE23DC2} = {A30CF620-BE2E-4F2F-A19E-85E41F722BE4}
		{24A3FE52-CCA4-46AC-BEBF-F80170089952} = {A30CF620-BE2E-4F2F-A19E-85E41F722BE4}
		{1B91D509-A15B-40A5-9FA4-298A1F36D84A} = {F5749ED6-ABEB-4DA5-BBBC-74CCDC240ABD}
		{76FDF59F-7F2B-46BA-B328-E3CBD758FF88} = {3811AC09-D912-417A-A16B-D7E18EE23DC2}
		{BF24FE44-A97B-46E6-A104-A70E2E7DA0F6} = {3811AC09-D912-417A-A16B-D7E18EE23DC2}
		{E75F99EB-20FD-4FBB-BCB8-11B08874F73F} = {24A3FE52-CCA4-46AC-BEBF-F80170089952}
		{024F0794-04AD-4085-898B-4322EF5FD69D} = {24A3FE52-CCA4-46AC-BEBF-F80170089952}
		{C15D1582-A39B-4F26-8771-DBD6936DE87D} = {7B58E8FC-9FA8-4B01-810D-6A47AEBE34E5}
		{D321969F-8F57-46D4-BB53-A35FCB8FA2D9} = {C15D1582-A39B-4F26-8771-DBD6936DE87D}
		{089E2BC2-548E-4C0B-A74D-282F40D0182B} = {7B58E8FC-9FA8-4B01-810D-6A47AEBE34E5}
		{2F402BF4-8490-490D-8361-F2EC92DF99F4} = {089E2BC2-548E-4C0B-A74D-282F40D0182B}
		{A688EAEC-973D-45EE-8A49-F2F61F23CCFB} = {7B58E8FC-9FA8-4B01-810D-6A47AEBE34E5}
		{CC4F8D24-BC98-4CF7-8E4F-03B440162861} = {A688EAEC-973D-45EE-8A49-F2F61F23CCFB}
		{DF4AC9C6-8326-4340-B579-DAC0569A6B19} = {A688EAEC-973D-45EE-8A49-F2F61F23CCFB}
		{FA523C54-C299-4C7D-94E6-55BEFF6200BE} = {089E2BC2-548E-4C0B-A74D-282F40D0182B}
		{7339041F-94C1-43BA-A9A4-1B27103EF781} = {965DF051-09E9-4B74-9F81-98F2D0C81A82}
		{33874C59-7DF8-489A-925A-04607A069C74} = {7339041F-94C1-43BA-A9A4-1B27103EF781}
		{426CAF13-38B6-48B7-AE7C-E4D045D8C343} = {965DF051-09E9-4B74-9F81-98F2D0C81A82}
		{55B56901-C3D5-4DB2-B65A-5AE1B901BA7C} = {965DF051-09E9-4B74-9F81-98F2D0C81A82}
		{F825E539-A7EF-445D-9904-00EC86AF810D} = {426CAF13-38B6-48B7-AE7C-E4D045D8C343}
		{0C84AAC0-B335-4CD9-9B1F-4230E4362EB6} = {426CAF13-38B6-48B7-AE7C-E4D045D8C343}
		{F832078F-5FC7-4066-ACFA-820DC9ED2113} = {55B56901-C3D5-4DB2-B65A-5AE1B901BA7C}
		{AB6E0C41-2EC7-4B73-A85C-1F9C712397E3} = {55B56901-C3D5-4DB2-B65A-5AE1B901BA7C}
		{D0F97EEB-6354-4F5D-9C2C-DCBF46A07A5F} = {370C9726-0737-4874-A678-F6EE8FE24B45}
		{D797FCAF-5DE0-46B4-AD54-E267CAF9B962} = {370C9726-0737-4874-A678-F6EE8FE24B45}
		{DF669F24-B2FF-4CE7-A70F-DA8822DCC4E6} = {370C9726-0737-4874-A678-F6EE8FE24B45}
		{067E9296-2757-4492-B77A-2381A0EB6749} = {D0F97EEB-6354-4F5D-9C2C-DCBF46A07A5F}
		{63DC71E5-B3BC-4A6C-BA2E-10B3D68885F1} = {D797FCAF-5DE0-46B4-AD54-E267CAF9B962}
		{C8E3D715-BAA8-4F0B-A274-FC5EF08B4B6D} = {D797FCAF-5DE0-46B4-AD54-E267CAF9B962}
		{B890B1B4-C560-4107-B555-75A2B899FF57} = {DF669F24-B2FF-4CE7-A70F-DA8822DCC4E6}
		{1D26EE8B-5EDF-4A7A-A58E-7D7B81C042DC} = {DF669F24-B2FF-4CE7-A70F-DA8822DCC4E6}
		{89597434-4259-4369-BBFF-0F623333C185} = {9C299BDF-0248-45AE-B024-8B957F9A79BC}
		{008D7A8F-1C30-41A0-95BC-4839B34608FB} = {9C299BDF-0248-45AE-B024-8B957F9A79BC}
		{2FD0771D-8A40-4179-B14A-FE33B6FAF3A0} = {9C299BDF-0248-45AE-B024-8B957F9A79BC}
		{B0E90E0E-6159-4EEB-A2BF-F7DE0CD06A56} = {89597434-4259-4369-BBFF-0F623333C185}
		{52C160DE-F946-47B3-AFB9-53FAAD522A3E} = {008D7A8F-1C30-41A0-95BC-4839B34608FB}
		{E8A891F9-6248-404D-9224-555BFA7B20AD} = {2FD0771D-8A40-4179-B14A-FE33B6FAF3A0}
		{088AAA08-A4FA-40C2-90B2-651223C2BFC3} = {008D7A8F-1C30-41A0-95BC-4839B34608FB}
		{28C128B5-0064-4260-8919-4F3905C1907E} = {2FD0771D-8A40-4179-B14A-FE33B6FAF3A0}
	EndGlobalSection
	GlobalSection(ExtensibilityGlobals) = postSolution
		SolutionGuid = {4A1E9428-E52D-4C67-B5EB-E1C65B099EFE}
	EndGlobalSection
EndGlobal
